{
  "name": "oatmeal-node-tools",
  "version": "1.0.0",
  "lockfileVersion": 3,
  "requires": true,
  "packages": {
    "": {
      "name": "oatmeal-node-tools",
      "version": "1.0.0",
      "license": "ISC",
      "dependencies": {
        "@devcontainers/cli": "0.57.0",
        "prettier": "3.2.2",
        "prettier-plugin-toml": "2.0.1"
      }
    },
    "node_modules/@devcontainers/cli": {
      "version": "0.57.0",
      "resolved": "https://registry.npmjs.org/@devcontainers/cli/-/cli-0.57.0.tgz",
      "integrity": "sha512-e1aA0ANjCvRZ1b8S9oc+qZCme18WiIMXon1xl3mdn/HNgCg05mnE4cYBeA+ooHw47E2rd+e/ZN4IQGQD4WPpVA==",
      "bin": {
        "devcontainer": "devcontainer.js"
      },
      "engines": {
        "node": "^16.13.0 || >=18.0.0"
      }
    },
    "node_modules/@taplo/core": {
      "version": "0.1.1",
      "resolved": "https://registry.npmjs.org/@taplo/core/-/core-0.1.1.tgz",
      "integrity": "sha512-BG/zLGf5wiNXGEVPvUAAX/4ilB3PwDUY2o0MV0y47mZbDZ9ad9UK/cIQsILat3bqbPJsALVbU6k3cskNZ3vAQg=="
    },
    "node_modules/@taplo/lib": {
      "version": "0.4.0-alpha.2",
      "resolved": "https://registry.npmjs.org/@taplo/lib/-/lib-0.4.0-alpha.2.tgz",
      "integrity": "sha512-DV/Re3DPVY+BhBtLZ3dmP4mP6YMLSsgq9qGLXwOV38lvNF/fBlgvQswzlXmzCEefL/3q2eMoefZpOI/+GLuCNA==",
      "dependencies": {
        "@taplo/core": "^0.1.0"
      }
    },
    "node_modules/prettier": {
      "version": "3.2.2",
      "resolved": "https://registry.npmjs.org/prettier/-/prettier-3.2.2.tgz",
      "integrity": "sha512-HTByuKZzw7utPiDO523Tt2pLtEyK7OibUD9suEJQrPUCYQqrHr74GGX6VidMrovbf/I50mPqr8j/II6oBAuc5A==",
      "bin": {
        "prettier": "bin/prettier.cjs"
      },
      "engines": {
        "node": ">=14"
      },
      "funding": {
        "url": "https://github.com/prettier/prettier?sponsor=1"
      }
    },
    "node_modules/prettier-plugin-toml": {
      "version": "2.0.1",
      "resolved": "https://registry.npmjs.org/prettier-plugin-toml/-/prettier-plugin-toml-2.0.1.tgz",
      "integrity": "sha512-99z1YOkViECHtXQjGIigd3talI/ybUI1zB3yniAwUrlWBXupNXThB1hM6bwSMUEj2/+tomTlMtT98F5t4s8IWA==",
      "dependencies": {
        "@taplo/lib": "^0.4.0-alpha.2"
      },
      "engines": {
        "node": ">=16.0.0"
      },
      "funding": {
        "url": "https://opencollective.com/unts"
      },
      "peerDependencies": {
        "prettier": "^3.0.3"
      }
    }
  }
}
